
Microsoft Visual Studio Solution File, Format Version 12.00
# Visual Studio Version 17
VisualStudioVersion = 17.10.35122.118
MinimumVisualStudioVersion = 10.0.40219.1
Project("{FAE04EC0-301F-11D3-BF4B-00C04F79EFBC}") = "DotnetProjectAPI", "DotnetProjectAPI.csproj", "{9F01271F-460D-4443-8A5F-0A307FEA1E33}"
EndProject
Global
	GlobalSection(SolutionConfigurationPlatforms) = preSolution
		Debug|Any CPU = Debug|Any CPU
		Release|Any CPU = Release|Any CPU
	EndGlobalSection
	GlobalSection(ProjectConfigurationPlatforms) = postSolution
		{9F01271F-460D-4443-8A5F-0A307FEA1E33}.Debug|Any CPU.ActiveCfg = Debug|Any CPU
		{9F01271F-460D-4443-8A5F-0A307FEA1E33}.Debug|Any CPU.Build.0 = Debug|Any CPU
		{9F01271F-460D-4443-8A5F-0A307FEA1E33}.Release|Any CPU.ActiveCfg = Release|Any CPU
		{9F01271F-460D-4443-8A5F-0A307FEA1E33}.Release|Any CPU.Build.0 = Release|Any CPU
	EndGlobalSection
	GlobalSection(SolutionProperties) = preSolution
		HideSolutionNode = FALSE
	EndGlobalSection
	GlobalSection(ExtensibilityGlobals) = postSolution
		SolutionGuid = {39C8D0ED-D9D7-4871-A172-95BC8771273A}
	EndGlobalSection
EndGlobal
